
Microsoft Visual Studio Solution File, Format Version 12.00
# Visual Studio Version 17
VisualStudioVersion = 17.3.32901.215
MinimumVisualStudioVersion = 10.0.40219.1
Project("{9A19103F-16F7-4668-BE54-9A1E7A4F7556}") = "DebugOne", "DebugOne\DebugOne.csproj", "{630B9429-47AB-4CAD-B0ED-EA7801F9FEE6}"
EndProject
Project("{9A19103F-16F7-4668-BE54-9A1E7A4F7556}") = "Task2", "Task2\Task2.csproj", "{07A4C8A1-5685-40A0-AD32-BA914955D353}"
EndProject
Project("{9A19103F-16F7-4668-BE54-9A1E7A4F7556}") = "Task3", "Task3\Task3.csproj", "{100B507A-B98F-433E-8A97-68F382A7B2D1}"
EndProject
Project("{FAE04EC0-301F-11D3-BF4B-00C04F79EFBC}") = "ApplicationLicense", "ApplicationLicense\ApplicationLicense.csproj", "{BDFAF275-2FBE-4684-AAF9-A30BB7887F4F}"
EndProject
Global
	GlobalSection(SolutionConfigurationPlatforms) = preSolution
		Debug|Any CPU = Debug|Any CPU
		Release|Any CPU = Release|Any CPU
	EndGlobalSection
	GlobalSection(ProjectConfigurationPlatforms) = postSolution
		{630B9429-47AB-4CAD-B0ED-EA7801F9FEE6}.Debug|Any CPU.ActiveCfg = Debug|Any CPU
		{630B9429-47AB-4CAD-B0ED-EA7801F9FEE6}.Debug|Any CPU.Build.0 = Debug|Any CPU
		{630B9429-47AB-4CAD-B0ED-EA7801F9FEE6}.Release|Any CPU.ActiveCfg = Release|Any CPU
		{630B9429-47AB-4CAD-B0ED-EA7801F9FEE6}.Release|Any CPU.Build.0 = Release|Any CPU
		{07A4C8A1-5685-40A0-AD32-BA914955D353}.Debug|Any CPU.ActiveCfg = Debug|Any CPU
		{07A4C8A1-5685-40A0-AD32-BA914955D353}.Debug|Any CPU.Build.0 = Debug|Any CPU
		{07A4C8A1-5685-40A0-AD32-BA914955D353}.Release|Any CPU.ActiveCfg = Release|Any CPU
		{07A4C8A1-5685-40A0-AD32-BA914955D353}.Release|Any CPU.Build.0 = Release|Any CPU
		{100B507A-B98F-433E-8A97-68F382A7B2D1}.Debug|Any CPU.ActiveCfg = Debug|Any CPU
		{100B507A-B98F-433E-8A97-68F382A7B2D1}.Debug|Any CPU.Build.0 = Debug|Any CPU
		{100B507A-B98F-433E-8A97-68F382A7B2D1}.Release|Any CPU.ActiveCfg = Release|Any CPU
		{100B507A-B98F-433E-8A97-68F382A7B2D1}.Release|Any CPU.Build.0 = Release|Any CPU
		{BDFAF275-2FBE-4684-AAF9-A30BB7887F4F}.Debug|Any CPU.ActiveCfg = Debug|Any CPU
		{BDFAF275-2FBE-4684-AAF9-A30BB7887F4F}.Debug|Any CPU.Build.0 = Debug|Any CPU
		{BDFAF275-2FBE-4684-AAF9-A30BB7887F4F}.Release|Any CPU.ActiveCfg = Release|Any CPU
		{BDFAF275-2FBE-4684-AAF9-A30BB7887F4F}.Release|Any CPU.Build.0 = Release|Any CPU
	EndGlobalSection
	GlobalSection(SolutionProperties) = preSolution
		HideSolutionNode = FALSE
	EndGlobalSection
	GlobalSection(ExtensibilityGlobals) = postSolution
		SolutionGuid = {44B7CD87-7C09-403A-B8AF-D4F331082EA5}
	EndGlobalSection
EndGlobal
